
Microsoft Visual Studio Solution File, Format Version 12.00
# Visual Studio Version 16
VisualStudioVersion = 16.0.32002.261
MinimumVisualStudioVersion = 10.0.40219.1
Project("{9A19103F-16F7-4668-BE54-9A1E7A4F7556}") = "LocationBDD", "LocationBDD\LocationBDD.csproj", "{7D9097F6-EBB7-4763-AB9F-412DEC509975}"
EndProject
Project("{9A19103F-16F7-4668-BE54-9A1E7A4F7556}") = "LocationSpecFlow", "LocationSpecFlow\LocationSpecFlow.csproj", "{C6075105-6329-4DBE-94DF-3286F2EFCE4D}"
	ProjectSection(ProjectDependencies) = postProject
		{7D9097F6-EBB7-4763-AB9F-412DEC509975} = {7D9097F6-EBB7-4763-AB9F-412DEC509975}
	EndProjectSection
EndProject
Global
	GlobalSection(SolutionConfigurationPlatforms) = preSolution
		Debug|Any CPU = Debug|Any CPU
		Release|Any CPU = Release|Any CPU
	EndGlobalSection
	GlobalSection(ProjectConfigurationPlatforms) = postSolution
		{7D9097F6-EBB7-4763-AB9F-412DEC509975}.Debug|Any CPU.ActiveCfg = Debug|Any CPU
		{7D9097F6-EBB7-4763-AB9F-412DEC509975}.Debug|Any CPU.Build.0 = Debug|Any CPU
		{7D9097F6-EBB7-4763-AB9F-412DEC509975}.Release|Any CPU.ActiveCfg = Release|Any CPU
		{7D9097F6-EBB7-4763-AB9F-412DEC509975}.Release|Any CPU.Build.0 = Release|Any CPU
		{C6075105-6329-4DBE-94DF-3286F2EFCE4D}.Debug|Any CPU.ActiveCfg = Debug|Any CPU
		{C6075105-6329-4DBE-94DF-3286F2EFCE4D}.Debug|Any CPU.Build.0 = Debug|Any CPU
		{C6075105-6329-4DBE-94DF-3286F2EFCE4D}.Release|Any CPU.ActiveCfg = Release|Any CPU
		{C6075105-6329-4DBE-94DF-3286F2EFCE4D}.Release|Any CPU.Build.0 = Release|Any CPU
	EndGlobalSection
	GlobalSection(SolutionProperties) = preSolution
		HideSolutionNode = FALSE
	EndGlobalSection
	GlobalSection(ExtensibilityGlobals) = postSolution
		SolutionGuid = {61E1CE7E-01CB-45EE-B083-10B6F369219A}
	EndGlobalSection
EndGlobal
